<?xml version="1.0" encoding="UTF-8"?>
<CONFIG>
  <ProjectOptions>
    <Version Value="10"/>
    <General>
      <MainUnit Value="0"/>
      <ResourceType Value="res"/>
      <UseXPManifest Value="True"/>
      <Icon Value="0"/>
    </General>
    <i18n>
      <EnableI18N LFM="False"/>
    </i18n>
    <BuildModes Count="1" Active="Default">
      <Item1 Name="Default" Default="True"/>
    </BuildModes>
    <PublishOptions>
      <Version Value="2"/>
      <IncludeFileFilter Value="*.(pas|pp|inc|lfm|lpr|lrs|lpi|lpk|sh|xml)"/>
      <ExcludeFileFilter Value="*.(bak|ppu|o|so);*~;backup"/>
    </PublishOptions>
    <RunParams>
      <local>
        <FormatVersion Value="1"/>
        <LaunchingApplication PathPlusParams="/usr/bin/xterm -T 'Lazarus Run Output' -e $(LazarusDir)/tools/runwait.sh $(TargetCmdLine)"/>
      </local>
    </RunParams>
    <RequiredPackages Count="5">
      <Item1>
        <PackageName Value="lnetvisual"/>
      </Item1>
      <Item2>
        <PackageName Value="FCL"/>
        <MinVersion Major="1" Valid="True"/>
      </Item2>
      <Item3>
        <PackageName Value="SynEdit"/>
        <MinVersion Major="1" Valid="True"/>
      </Item3>
      <Item4>
        <PackageName Value="SdpoSerialLaz"/>
        <MinVersion Minor="1" Release="5" Valid="True"/>
      </Item4>
      <Item5>
        <PackageName Value="LCL"/>
      </Item5>
    </RequiredPackages>
    <Units Count="9">
      <Unit0>
        <Filename Value="teste.lpr"/>
        <IsPartOfProject Value="True"/>
        <UsageCount Value="71"/>
      </Unit0>
      <Unit1>
        <Filename Value="main.pas"/>
        <IsPartOfProject Value="True"/>
        <ComponentName Value="Form1"/>
        <HasResources Value="True"/>
        <ResourceBaseClass Value="Form"/>
        <EditorIndex Value="-1"/>
        <TopLine Value="188"/>
        <CursorPos X="53" Y="204"/>
        <UsageCount Value="71"/>
      </Unit1>
      <Unit2>
        <Filename Value="/usr/lib/lazarus/0.9.30.2/components/sdpo/SdpoSerial/sdposerial.pas"/>
        <UnitName Value="SdpoSerial"/>
        <TopLine Value="193"/>
        <CursorPos X="13" Y="209"/>
        <UsageCount Value="28"/>
      </Unit2>
      <Unit3>
        <Filename Value="/usr/lib/lazarus/0.9.30.2/components/h2pas/h2pasconvert.pas"/>
        <UnitName Value="H2PasConvert"/>
        <TopLine Value="46"/>
        <UsageCount Value="5"/>
      </Unit3>
      <Unit4>
        <Filename Value="/usr/lib/lazarus/0.9.30.2/components/industrial/lazarus-ccr-svn-r6511-components-industrialstuff/source/sensors.pas"/>
        <UnitName Value="Sensors"/>
        <TopLine Value="460"/>
        <CursorPos X="26" Y="477"/>
        <UsageCount Value="5"/>
      </Unit4>
      <Unit5>
        <Filename Value="tela2.pas"/>
        <ComponentName Value="Form2"/>
        <ResourceBaseClass Value="Form"/>
        <UnitName Value="Tela2"/>
        <TopLine Value="2"/>
        <CursorPos Y="26"/>
        <UsageCount Value="19"/>
      </Unit5>
      <Unit6>
        <Filename Value="hexlib.pas"/>
        <IsPartOfProject Value="True"/>
        <EditorIndex Value="-1"/>
        <TopLine Value="4"/>
        <CursorPos X="21" Y="11"/>
        <UsageCount Value="31"/>
      </Unit6>
      <Unit7>
        <Filename Value="../../AppData/Local/lazarus/onlinepackagemanager/packages/Sdpo/SdpoSerial/sdposerial.pas"/>
        <UnitName Value="SdpoSerial"/>
        <EditorIndex Value="-1"/>
        <TopLine Value="225"/>
        <CursorPos Y="239"/>
        <UsageCount Value="10"/>
      </Unit7>
      <Unit8>
        <Filename Value="../../../../lazarus/components/lnet/examples/visual/tcpudp/main.pas"/>
        <IsVisibleTab Value="True"/>
        <UsageCount Value="10"/>
        <Loaded Value="True"/>
      </Unit8>
    </Units>
    <JumpHistory HistoryIndex="-1"/>
  </ProjectOptions>
  <CompilerOptions>
    <Version Value="11"/>
    <Target>
      <Filename Value="teste"/>
    </Target>
    <SearchPaths>
      <IncludeFiles Value="$(ProjOutDir)"/>
      <UnitOutputDirectory Value="lib/$(TargetCPU)-$(TargetOS)"/>
    </SearchPaths>
    <Linking>
      <Options>
        <Win32>
          <GraphicApplication Value="True"/>
        </Win32>
      </Options>
    </Linking>
  </CompilerOptions>
  <Debugging>
    <Exceptions Count="3">
      <Item1>
        <Name Value="EAbort"/>
      </Item1>
      <Item2>
        <Name Value="ECodetoolError"/>
      </Item2>
      <Item3>
        <Name Value="EFOpenError"/>
      </Item3>
    </Exceptions>
  </Debugging>
</CONFIG>
